
Microsoft Visual Studio Solution File, Format Version 12.00
# Visual Studio Version 17
VisualStudioVersion = 17.12.35827.183
MinimumVisualStudioVersion = 10.0.40219.1
Project("{FAE04EC0-301F-11D3-BF4B-00C04F79EFBC}") = "Kuzmich.UI", "Kuzmich.UI\Kuzmich.UI.csproj", "{37B63261-6952-4574-9C26-3D3624CA0692}"
EndProject
Project("{FAE04EC0-301F-11D3-BF4B-00C04F79EFBC}") = "Kuzmich.Domain", "Kuzmich.Domain\Kuzmich.Domain.csproj", "{DC1EECA7-6194-4995-B986-220CEF6FE2CC}"
EndProject
Project("{FAE04EC0-301F-11D3-BF4B-00C04F79EFBC}") = "Kuzmich.API", "Kuzmich.API\Kuzmich.API.csproj", "{31BF31E2-25D7-40F9-98ED-6CA2AFF38856}"
EndProject
Global
	GlobalSection(SolutionConfigurationPlatforms) = preSolution
		Debug|Any CPU = Debug|Any CPU
		Release|Any CPU = Release|Any CPU
	EndGlobalSection
	GlobalSection(ProjectConfigurationPlatforms) = postSolution
		{37B63261-6952-4574-9C26-3D3624CA0692}.Debug|Any CPU.ActiveCfg = Debug|Any CPU
		{37B63261-6952-4574-9C26-3D3624CA0692}.Debug|Any CPU.Build.0 = Debug|Any CPU
		{37B63261-6952-4574-9C26-3D3624CA0692}.Release|Any CPU.ActiveCfg = Release|Any CPU
		{37B63261-6952-4574-9C26-3D3624CA0692}.Release|Any CPU.Build.0 = Release|Any CPU
		{DC1EECA7-6194-4995-B986-220CEF6FE2CC}.Debug|Any CPU.ActiveCfg = Debug|Any CPU
		{DC1EECA7-6194-4995-B986-220CEF6FE2CC}.Debug|Any CPU.Build.0 = Debug|Any CPU
		{DC1EECA7-6194-4995-B986-220CEF6FE2CC}.Release|Any CPU.ActiveCfg = Release|Any CPU
		{DC1EECA7-6194-4995-B986-220CEF6FE2CC}.Release|Any CPU.Build.0 = Release|Any CPU
		{31BF31E2-25D7-40F9-98ED-6CA2AFF38856}.Debug|Any CPU.ActiveCfg = Debug|Any CPU
		{31BF31E2-25D7-40F9-98ED-6CA2AFF38856}.Debug|Any CPU.Build.0 = Debug|Any CPU
		{31BF31E2-25D7-40F9-98ED-6CA2AFF38856}.Release|Any CPU.ActiveCfg = Release|Any CPU
		{31BF31E2-25D7-40F9-98ED-6CA2AFF38856}.Release|Any CPU.Build.0 = Release|Any CPU
	EndGlobalSection
	GlobalSection(SolutionProperties) = preSolution
		HideSolutionNode = FALSE
	EndGlobalSection
EndGlobal
